
Microsoft Visual Studio Solution File, Format Version 12.00
# Visual Studio 14
VisualStudioVersion = 14.0.25420.1
MinimumVisualStudioVersion = 10.0.40219.1
Project("{FAE04EC0-301F-11D3-BF4B-00C04F79EFBC}") = "SortCities", "SortCities\SortCities.csproj", "{CD0693B4-279E-47AC-A375-CEA91BE15B85}"
EndProject
Project("{FAE04EC0-301F-11D3-BF4B-00C04F79EFBC}") = "SorttTestProj", "SortTaTest\SorttTestProj.csproj", "{D2ADE1B7-D9BF-41D3-9B89-D22CA1C959EC}"
EndProject
Global
	GlobalSection(SolutionConfigurationPlatforms) = preSolution
		Debug|Any CPU = Debug|Any CPU
		Release|Any CPU = Release|Any CPU
	EndGlobalSection
	GlobalSection(ProjectConfigurationPlatforms) = postSolution
		{CD0693B4-279E-47AC-A375-CEA91BE15B85}.Debug|Any CPU.ActiveCfg = Debug|Any CPU
		{CD0693B4-279E-47AC-A375-CEA91BE15B85}.Debug|Any CPU.Build.0 = Debug|Any CPU
		{CD0693B4-279E-47AC-A375-CEA91BE15B85}.Release|Any CPU.ActiveCfg = Release|Any CPU
		{CD0693B4-279E-47AC-A375-CEA91BE15B85}.Release|Any CPU.Build.0 = Release|Any CPU
		{D2ADE1B7-D9BF-41D3-9B89-D22CA1C959EC}.Debug|Any CPU.ActiveCfg = Debug|Any CPU
		{D2ADE1B7-D9BF-41D3-9B89-D22CA1C959EC}.Debug|Any CPU.Build.0 = Debug|Any CPU
		{D2ADE1B7-D9BF-41D3-9B89-D22CA1C959EC}.Release|Any CPU.ActiveCfg = Release|Any CPU
		{D2ADE1B7-D9BF-41D3-9B89-D22CA1C959EC}.Release|Any CPU.Build.0 = Release|Any CPU
	EndGlobalSection
	GlobalSection(SolutionProperties) = preSolution
		HideSolutionNode = FALSE
	EndGlobalSection
EndGlobal
